// !$*UTF8*$!
{
	archiveVersion = 1;
	classes = {
	};
	objectVersion = 77;
	objects = {

/* Begin PBXBuildFile section */
		EF41F3DD2E350C4F00601C21 /* ModifyRecipeView.swift in Sources */ = {isa = PBXBuildFile; fileRef = EF41F3DC2E350C4F00601C21 /* ModifyRecipeView.swift */; };
		EF41F3F82E3A760200601C21 /* ModifyMainInformationView.swift in Sources */ = {isa = PBXBuildFile; fileRef = EF41F3F72E3A760200601C21 /* ModifyMainInformationView.swift */; };
		EF41F4002E3A7CA100601C21 /* ModifyIngredientView.swift in Sources */ = {isa = PBXBuildFile; fileRef = EF41F3FF2E3A7CA100601C21 /* ModifyIngredientView.swift */; };
		EF41F4022E3CF4EB00601C21 /* ModifyIngredientsView.swift in Sources */ = {isa = PBXBuildFile; fileRef = EF41F4012E3CF4EB00601C21 /* ModifyIngredientsView.swift */; };
		EF8C7FD02E3429050085DC01 /* RecipeDetailView.swift in Sources */ = {isa = PBXBuildFile; fileRef = EF8C7FCF2E3429050085DC01 /* RecipeDetailView.swift */; };
		EF8D77E62E34326C00754ECB /* RecipeCategoryGridView.swift in Sources */ = {isa = PBXBuildFile; fileRef = EF8D77E52E34326C00754ECB /* RecipeCategoryGridView.swift */; };
		EFA68C272E34080200D12D22 /* Recipe.swift in Sources */ = {isa = PBXBuildFile; fileRef = EFA68C242E34080200D12D22 /* Recipe.swift */; };
		EFA68C282E34080200D12D22 /* CookBook_RecipesApp.swift in Sources */ = {isa = PBXBuildFile; fileRef = EFA68C222E34080200D12D22 /* CookBook_RecipesApp.swift */; };
		EFA68C2A2E34080200D12D22 /* Assets.xcassets in Resources */ = {isa = PBXBuildFile; fileRef = EFA68C1F2E34080200D12D22 /* Assets.xcassets */; };
		EFA68C2B2E34080200D12D22 /* README.md in Resources */ = {isa = PBXBuildFile; fileRef = EFA68C232E34080200D12D22 /* README.md */; };
		EFA68C312E340BC500D12D22 /* RecipeData.swift in Sources */ = {isa = PBXBuildFile; fileRef = EFA68C302E340BC500D12D22 /* RecipeData.swift */; };
		EFA68C332E340DF800D12D22 /* RecipesListView.swift in Sources */ = {isa = PBXBuildFile; fileRef = EFA68C322E340DF800D12D22 /* RecipesListView.swift */; };
/* End PBXBuildFile section */

/* Begin PBXFileReference section */
		EF41F3DC2E350C4F00601C21 /* ModifyRecipeView.swift */ = {isa = PBXFileReference; lastKnownFileType = sourcecode.swift; path = ModifyRecipeView.swift; sourceTree = "<group>"; };
		EF41F3F72E3A760200601C21 /* ModifyMainInformationView.swift */ = {isa = PBXFileReference; lastKnownFileType = sourcecode.swift; path = ModifyMainInformationView.swift; sourceTree = "<group>"; };
		EF41F3FF2E3A7CA100601C21 /* ModifyIngredientView.swift */ = {isa = PBXFileReference; lastKnownFileType = sourcecode.swift; path = ModifyIngredientView.swift; sourceTree = "<group>"; };
		EF41F4012E3CF4EB00601C21 /* ModifyIngredientsView.swift */ = {isa = PBXFileReference; lastKnownFileType = sourcecode.swift; path = ModifyIngredientsView.swift; sourceTree = "<group>"; };
		EF8C7FCF2E3429050085DC01 /* RecipeDetailView.swift */ = {isa = PBXFileReference; lastKnownFileType = sourcecode.swift; path = RecipeDetailView.swift; sourceTree = "<group>"; };
		EF8D77E52E34326C00754ECB /* RecipeCategoryGridView.swift */ = {isa = PBXFileReference; lastKnownFileType = sourcecode.swift; path = RecipeCategoryGridView.swift; sourceTree = "<group>"; };
		EFA68C1F2E34080200D12D22 /* Assets.xcassets */ = {isa = PBXFileReference; lastKnownFileType = folder.assetcatalog; path = Assets.xcassets; sourceTree = "<group>"; };
		EFA68C212E34080200D12D22 /* CookBook Recipes.xcodeproj */ = {isa = PBXFileReference; lastKnownFileType = "wrapper.pb-project"; path = "CookBook Recipes.xcodeproj"; sourceTree = "<group>"; };
		EFA68C222E34080200D12D22 /* CookBook_RecipesApp.swift */ = {isa = PBXFileReference; lastKnownFileType = sourcecode.swift; path = CookBook_RecipesApp.swift; sourceTree = "<group>"; };
		EFA68C232E34080200D12D22 /* README.md */ = {isa = PBXFileReference; lastKnownFileType = net.daringfireball.markdown; path = README.md; sourceTree = "<group>"; };
		EFA68C242E34080200D12D22 /* Recipe.swift */ = {isa = PBXFileReference; lastKnownFileType = sourcecode.swift; path = Recipe.swift; sourceTree = "<group>"; };
		EFA68C302E340BC500D12D22 /* RecipeData.swift */ = {isa = PBXFileReference; lastKnownFileType = sourcecode.swift; path = RecipeData.swift; sourceTree = "<group>"; };
		EFA68C322E340DF800D12D22 /* RecipesListView.swift */ = {isa = PBXFileReference; lastKnownFileType = sourcecode.swift; path = RecipesListView.swift; sourceTree = "<group>"; };
		EFFE95602E32E2F2000FD845 /* CookBook Recipes.app */ = {isa = PBXFileReference; explicitFileType = wrapper.application; includeInIndex = 0; path = "CookBook Recipes.app"; sourceTree = BUILT_PRODUCTS_DIR; };
/* End PBXFileReference section */

/* Begin PBXFrameworksBuildPhase section */
		EFFE955D2E32E2F2000FD845 /* Frameworks */ = {
			isa = PBXFrameworksBuildPhase;
			buildActionMask = 2147483647;
			files = (
			);
			runOnlyForDeploymentPostprocessing = 0;
		};
/* End PBXFrameworksBuildPhase section */

/* Begin PBXGroup section */
		EF41F3DA2E350BFA00601C21 /* ExploreRecipes */ = {
			isa = PBXGroup;
			children = (
				EFA68C322E340DF800D12D22 /* RecipesListView.swift */,
				EF8D77E52E34326C00754ECB /* RecipeCategoryGridView.swift */,
				EF8C7FCF2E3429050085DC01 /* RecipeDetailView.swift */,
			);
			path = ExploreRecipes;
			sourceTree = "<group>";
		};
		EF41F3DB2E350C2F00601C21 /* ModifyRecipes */ = {
			isa = PBXGroup;
			children = (
				EF41F3DC2E350C4F00601C21 /* ModifyRecipeView.swift */,
				EF41F3F72E3A760200601C21 /* ModifyMainInformationView.swift */,
				EF41F3FF2E3A7CA100601C21 /* ModifyIngredientView.swift */,
				EF41F4012E3CF4EB00601C21 /* ModifyIngredientsView.swift */,
			);
			path = ModifyRecipes;
			sourceTree = "<group>";
		};
		EFA68C252E34080200D12D22 /* Products */ = {
			isa = PBXGroup;
			name = Products;
			sourceTree = "<group>";
		};
		EFA68C2C2E34081700D12D22 /* View */ = {
			isa = PBXGroup;
			children = (
				EF41F3DB2E350C2F00601C21 /* ModifyRecipes */,
				EF41F3DA2E350BFA00601C21 /* ExploreRecipes */,
			);
			path = View;
			sourceTree = "<group>";
		};
		EFA68C2E2E34082200D12D22 /* ViewModel */ = {
			isa = PBXGroup;
			children = (
				EFA68C302E340BC500D12D22 /* RecipeData.swift */,
			);
			path = ViewModel;
			sourceTree = "<group>";
		};
		EFA68C2F2E34082E00D12D22 /* Model */ = {
			isa = PBXGroup;
			children = (
				EFA68C242E34080200D12D22 /* Recipe.swift */,
			);
			path = Model;
			sourceTree = "<group>";
		};
		EFFE95572E32E2F2000FD845 = {
			isa = PBXGroup;
			children = (
				EFA68C232E34080200D12D22 /* README.md */,
				EFA68C1F2E34080200D12D22 /* Assets.xcassets */,
				EFA68C212E34080200D12D22 /* CookBook Recipes.xcodeproj */,
				EFA68C222E34080200D12D22 /* CookBook_RecipesApp.swift */,
				EFA68C2C2E34081700D12D22 /* View */,
				EFA68C2F2E34082E00D12D22 /* Model */,
				EFFE95612E32E2F2000FD845 /* Products */,
				EFA68C2E2E34082200D12D22 /* ViewModel */,
			);
			sourceTree = "<group>";
		};
		EFFE95612E32E2F2000FD845 /* Products */ = {
			isa = PBXGroup;
			children = (
				EFFE95602E32E2F2000FD845 /* CookBook Recipes.app */,
			);
			name = Products;
			sourceTree = "<group>";
		};
/* End PBXGroup section */

/* Begin PBXNativeTarget section */
		EFFE955F2E32E2F2000FD845 /* CookBook Recipes */ = {
			isa = PBXNativeTarget;
			buildConfigurationList = EFFE956B2E32E2F4000FD845 /* Build configuration list for PBXNativeTarget "CookBook Recipes" */;
			buildPhases = (
				EFFE955C2E32E2F2000FD845 /* Sources */,
				EFFE955D2E32E2F2000FD845 /* Frameworks */,
				EFFE955E2E32E2F2000FD845 /* Resources */,
			);
			buildRules = (
			);
			dependencies = (
			);
			name = "CookBook Recipes";
			packageProductDependencies = (
			);
			productName = "CookBook Recipes";
			productReference = EFFE95602E32E2F2000FD845 /* CookBook Recipes.app */;
			productType = "com.apple.product-type.application";
		};
/* End PBXNativeTarget section */

/* Begin PBXProject section */
		EFFE95582E32E2F2000FD845 /* Project object */ = {
			isa = PBXProject;
			attributes = {
				BuildIndependentTargetsInParallel = 1;
				LastSwiftUpdateCheck = 1640;
				LastUpgradeCheck = 1640;
				TargetAttributes = {
					EFFE955F2E32E2F2000FD845 = {
						CreatedOnToolsVersion = 16.4;
						LastSwiftMigration = 1640;
					};
				};
			};
			buildConfigurationList = EFFE955B2E32E2F2000FD845 /* Build configuration list for PBXProject "CookBook Recipes" */;
			developmentRegion = en;
			hasScannedForEncodings = 0;
			knownRegions = (
				en,
				Base,
			);
			mainGroup = EFFE95572E32E2F2000FD845;
			minimizedProjectReferenceProxies = 1;
			preferredProjectObjectVersion = 77;
			productRefGroup = EFFE95612E32E2F2000FD845 /* Products */;
			projectDirPath = "";
			projectReferences = (
				{
					ProductGroup = EFA68C252E34080200D12D22 /* Products */;
					ProjectRef = EFA68C212E34080200D12D22 /* CookBook Recipes.xcodeproj */;
				},
			);
			projectRoot = "";
			targets = (
				EFFE955F2E32E2F2000FD845 /* CookBook Recipes */,
			);
		};
/* End PBXProject section */

/* Begin PBXResourcesBuildPhase section */
		EFFE955E2E32E2F2000FD845 /* Resources */ = {
			isa = PBXResourcesBuildPhase;
			buildActionMask = 2147483647;
			files = (
				EFA68C2A2E34080200D12D22 /* Assets.xcassets in Resources */,
				EFA68C2B2E34080200D12D22 /* README.md in Resources */,
			);
			runOnlyForDeploymentPostprocessing = 0;
		};
/* End PBXResourcesBuildPhase section */

/* Begin PBXSourcesBuildPhase section */
		EFFE955C2E32E2F2000FD845 /* Sources */ = {
			isa = PBXSourcesBuildPhase;
			buildActionMask = 2147483647;
			files = (
				EF41F4002E3A7CA100601C21 /* ModifyIngredientView.swift in Sources */,
				EF41F4022E3CF4EB00601C21 /* ModifyIngredientsView.swift in Sources */,
				EF41F3F82E3A760200601C21 /* ModifyMainInformationView.swift in Sources */,
				EF41F3DD2E350C4F00601C21 /* ModifyRecipeView.swift in Sources */,
				EFA68C272E34080200D12D22 /* Recipe.swift in Sources */,
				EF8C7FD02E3429050085DC01 /* RecipeDetailView.swift in Sources */,
				EFA68C312E340BC500D12D22 /* RecipeData.swift in Sources */,
				EFA68C332E340DF800D12D22 /* RecipesListView.swift in Sources */,
				EF8D77E62E34326C00754ECB /* RecipeCategoryGridView.swift in Sources */,
				EFA68C282E34080200D12D22 /* CookBook_RecipesApp.swift in Sources */,
			);
			runOnlyForDeploymentPostprocessing = 0;
		};
/* End PBXSourcesBuildPhase section */

/* Begin XCBuildConfiguration section */
		EFFE95692E32E2F4000FD845 /* Debug */ = {
			isa = XCBuildConfiguration;
			buildSettings = {
				ALWAYS_SEARCH_USER_PATHS = NO;
				ASSETCATALOG_COMPILER_GENERATE_SWIFT_ASSET_SYMBOL_EXTENSIONS = YES;
				CLANG_ANALYZER_NONNULL = YES;
				CLANG_ANALYZER_NUMBER_OBJECT_CONVERSION = YES_AGGRESSIVE;
				CLANG_CXX_LANGUAGE_STANDARD = "gnu++20";
				CLANG_ENABLE_MODULES = YES;
				CLANG_ENABLE_OBJC_ARC = YES;
				CLANG_ENABLE_OBJC_WEAK = YES;
				CLANG_WARN_BLOCK_CAPTURE_AUTORELEASING = YES;
				CLANG_WARN_BOOL_CONVERSION = YES;
				CLANG_WARN_COMMA = YES;
				CLANG_WARN_CONSTANT_CONVERSION = YES;
				CLANG_WARN_DEPRECATED_OBJC_IMPLEMENTATIONS = YES;
				CLANG_WARN_DIRECT_OBJC_ISA_USAGE = YES_ERROR;
				CLANG_WARN_DOCUMENTATION_COMMENTS = YES;
				CLANG_WARN_EMPTY_BODY = YES;
				CLANG_WARN_ENUM_CONVERSION = YES;
				CLANG_WARN_INFINITE_RECURSION = YES;
				CLANG_WARN_INT_CONVERSION = YES;
				CLANG_WARN_NON_LITERAL_NULL_CONVERSION = YES;
				CLANG_WARN_OBJC_IMPLICIT_RETAIN_SELF = YES;
				CLANG_WARN_OBJC_LITERAL_CONVERSION = YES;
				CLANG_WARN_OBJC_ROOT_CLASS = YES_ERROR;
				CLANG_WARN_QUOTED_INCLUDE_IN_FRAMEWORK_HEADER = YES;
				CLANG_WARN_RANGE_LOOP_ANALYSIS = YES;
				CLANG_WARN_STRICT_PROTOTYPES = YES;
				CLANG_WARN_SUSPICIOUS_MOVE = YES;
				CLANG_WARN_UNGUARDED_AVAILABILITY = YES_AGGRESSIVE;
				CLANG_WARN_UNREACHABLE_CODE = YES;
				CLANG_WARN__DUPLICATE_METHOD_MATCH = YES;
				COPY_PHASE_STRIP = NO;
				DEBUG_INFORMATION_FORMAT = dwarf;
				DEVELOPMENT_TEAM = 7A2D9PBVCU;
				ENABLE_STRICT_OBJC_MSGSEND = YES;
				ENABLE_TESTABILITY = YES;
				ENABLE_USER_SCRIPT_SANDBOXING = YES;
				GCC_C_LANGUAGE_STANDARD = gnu17;
				GCC_DYNAMIC_NO_PIC = NO;
				GCC_NO_COMMON_BLOCKS = YES;
				GCC_OPTIMIZATION_LEVEL = 0;
				GCC_PREPROCESSOR_DEFINITIONS = (
					"DEBUG=1",
					"$(inherited)",
				);
				GCC_WARN_64_TO_32_BIT_CONVERSION = YES;
				GCC_WARN_ABOUT_RETURN_TYPE = YES_ERROR;
				GCC_WARN_UNDECLARED_SELECTOR = YES;
				GCC_WARN_UNINITIALIZED_AUTOS = YES_AGGRESSIVE;
				GCC_WARN_UNUSED_FUNCTION = YES;
				GCC_WARN_UNUSED_VARIABLE = YES;
				IPHONEOS_DEPLOYMENT_TARGET = 18.5;
				LOCALIZATION_PREFERS_STRING_CATALOGS = YES;
				MTL_ENABLE_DEBUG_INFO = INCLUDE_SOURCE;
				MTL_FAST_MATH = YES;
				ONLY_ACTIVE_ARCH = YES;
				SDKROOT = iphoneos;
				SWIFT_ACTIVE_COMPILATION_CONDITIONS = "DEBUG $(inherited)";
				SWIFT_OPTIMIZATION_LEVEL = "-Onone";
			};
			name = Debug;
		};
		EFFE956A2E32E2F4000FD845 /* Release */ = {
			isa = XCBuildConfiguration;
			buildSettings = {
				ALWAYS_SEARCH_USER_PATHS = NO;
				ASSETCATALOG_COMPILER_GENERATE_SWIFT_ASSET_SYMBOL_EXTENSIONS = YES;
				CLANG_ANALYZER_NONNULL = YES;
				CLANG_ANALYZER_NUMBER_OBJECT_CONVERSION = YES_AGGRESSIVE;
				CLANG_CXX_LANGUAGE_STANDARD = "gnu++20";
				CLANG_ENABLE_MODULES = YES;
				CLANG_ENABLE_OBJC_ARC = YES;
				CLANG_ENABLE_OBJC_WEAK = YES;
				CLANG_WARN_BLOCK_CAPTURE_AUTORELEASING = YES;
				CLANG_WARN_BOOL_CONVERSION = YES;
				CLANG_WARN_COMMA = YES;
				CLANG_WARN_CONSTANT_CONVERSION = YES;
				CLANG_WARN_DEPRECATED_OBJC_IMPLEMENTATIONS = YES;
				CLANG_WARN_DIRECT_OBJC_ISA_USAGE = YES_ERROR;
				CLANG_WARN_DOCUMENTATION_COMMENTS = YES;
				CLANG_WARN_EMPTY_BODY = YES;
				CLANG_WARN_ENUM_CONVERSION = YES;
				CLANG_WARN_INFINITE_RECURSION = YES;
				CLANG_WARN_INT_CONVERSION = YES;
				CLANG_WARN_NON_LITERAL_NULL_CONVERSION = YES;
				CLANG_WARN_OBJC_IMPLICIT_RETAIN_SELF = YES;
				CLANG_WARN_OBJC_LITERAL_CONVERSION = YES;
				CLANG_WARN_OBJC_ROOT_CLASS = YES_ERROR;
				CLANG_WARN_QUOTED_INCLUDE_IN_FRAMEWORK_HEADER = YES;
				CLANG_WARN_RANGE_LOOP_ANALYSIS = YES;
				CLANG_WARN_STRICT_PROTOTYPES = YES;
				CLANG_WARN_SUSPICIOUS_MOVE = YES;
				CLANG_WARN_UNGUARDED_AVAILABILITY = YES_AGGRESSIVE;
				CLANG_WARN_UNREACHABLE_CODE = YES;
				CLANG_WARN__DUPLICATE_METHOD_MATCH = YES;
				COPY_PHASE_STRIP = NO;
				DEBUG_INFORMATION_FORMAT = "dwarf-with-dsym";
				DEVELOPMENT_TEAM = 7A2D9PBVCU;
				ENABLE_NS_ASSERTIONS = NO;
				ENABLE_STRICT_OBJC_MSGSEND = YES;
				ENABLE_USER_SCRIPT_SANDBOXING = YES;
				GCC_C_LANGUAGE_STANDARD = gnu17;
				GCC_NO_COMMON_BLOCKS = YES;
				GCC_WARN_64_TO_32_BIT_CONVERSION = YES;
				GCC_WARN_ABOUT_RETURN_TYPE = YES_ERROR;
				GCC_WARN_UNDECLARED_SELECTOR = YES;
				GCC_WARN_UNINITIALIZED_AUTOS = YES_AGGRESSIVE;
				GCC_WARN_UNUSED_FUNCTION = YES;
				GCC_WARN_UNUSED_VARIABLE = YES;
				IPHONEOS_DEPLOYMENT_TARGET = 18.5;
				LOCALIZATION_PREFERS_STRING_CATALOGS = YES;
				MTL_ENABLE_DEBUG_INFO = NO;
				MTL_FAST_MATH = YES;
				SDKROOT = iphoneos;
				SWIFT_COMPILATION_MODE = wholemodule;
				VALIDATE_PRODUCT = YES;
			};
			name = Release;
		};
		EFFE956C2E32E2F4000FD845 /* Debug */ = {
			isa = XCBuildConfiguration;
			buildSettings = {
				ASSETCATALOG_COMPILER_APPICON_NAME = AppIcon;
				ASSETCATALOG_COMPILER_GLOBAL_ACCENT_COLOR_NAME = AccentColor;
				CLANG_ENABLE_MODULES = YES;
				CODE_SIGN_STYLE = Automatic;
				CURRENT_PROJECT_VERSION = 1;
				DEVELOPMENT_TEAM = 7A2D9PBVCU;
				ENABLE_PREVIEWS = YES;
				GENERATE_INFOPLIST_FILE = YES;
				INFOPLIST_KEY_UIApplicationSceneManifest_Generation = YES;
				INFOPLIST_KEY_UIApplicationSupportsIndirectInputEvents = YES;
				INFOPLIST_KEY_UILaunchScreen_Generation = YES;
				INFOPLIST_KEY_UISupportedInterfaceOrientations_iPad = "UIInterfaceOrientationPortrait UIInterfaceOrientationPortraitUpsideDown UIInterfaceOrientationLandscapeLeft UIInterfaceOrientationLandscapeRight";
				INFOPLIST_KEY_UISupportedInterfaceOrientations_iPhone = "UIInterfaceOrientationPortrait UIInterfaceOrientationLandscapeLeft UIInterfaceOrientationLandscapeRight";
				LD_RUNPATH_SEARCH_PATHS = (
					"$(inherited)",
					"@executable_path/Frameworks",
				);
				MARKETING_VERSION = 1.0;
				PRODUCT_BUNDLE_IDENTIFIER = "Kai.CookBook-Recipes";
				PRODUCT_NAME = "$(TARGET_NAME)";
				SWIFT_EMIT_LOC_STRINGS = YES;
				SWIFT_OPTIMIZATION_LEVEL = "-Onone";
				SWIFT_VERSION = 5.0;
				TARGETED_DEVICE_FAMILY = "1,2";
			};
			name = Debug;
		};
		EFFE956D2E32E2F4000FD845 /* Release */ = {
			isa = XCBuildConfiguration;
			buildSettings = {
				ASSETCATALOG_COMPILER_APPICON_NAME = AppIcon;
				ASSETCATALOG_COMPILER_GLOBAL_ACCENT_COLOR_NAME = AccentColor;
				CLANG_ENABLE_MODULES = YES;
				CODE_SIGN_STYLE = Automatic;
				CURRENT_PROJECT_VERSION = 1;
				DEVELOPMENT_TEAM = 7A2D9PBVCU;
				ENABLE_PREVIEWS = YES;
				GENERATE_INFOPLIST_FILE = YES;
				INFOPLIST_KEY_UIApplicationSceneManifest_Generation = YES;
				INFOPLIST_KEY_UIApplicationSupportsIndirectInputEvents = YES;
				INFOPLIST_KEY_UILaunchScreen_Generation = YES;
				INFOPLIST_KEY_UISupportedInterfaceOrientations_iPad = "UIInterfaceOrientationPortrait UIInterfaceOrientationPortraitUpsideDown UIInterfaceOrientationLandscapeLeft UIInterfaceOrientationLandscapeRight";
				INFOPLIST_KEY_UISupportedInterfaceOrientations_iPhone = "UIInterfaceOrientationPortrait UIInterfaceOrientationLandscapeLeft UIInterfaceOrientationLandscapeRight";
				LD_RUNPATH_SEARCH_PATHS = (
					"$(inherited)",
					"@executable_path/Frameworks",
				);
				MARKETING_VERSION = 1.0;
				PRODUCT_BUNDLE_IDENTIFIER = "Kai.CookBook-Recipes";
				PRODUCT_NAME = "$(TARGET_NAME)";
				SWIFT_EMIT_LOC_STRINGS = YES;
				SWIFT_VERSION = 5.0;
				TARGETED_DEVICE_FAMILY = "1,2";
			};
			name = Release;
		};
/* End XCBuildConfiguration section */

/* Begin XCConfigurationList section */
		EFFE955B2E32E2F2000FD845 /* Build configuration list for PBXProject "CookBook Recipes" */ = {
			isa = XCConfigurationList;
			buildConfigurations = (
				EFFE95692E32E2F4000FD845 /* Debug */,
				EFFE956A2E32E2F4000FD845 /* Release */,
			);
			defaultConfigurationIsVisible = 0;
			defaultConfigurationName = Release;
		};
		EFFE956B2E32E2F4000FD845 /* Build configuration list for PBXNativeTarget "CookBook Recipes" */ = {
			isa = XCConfigurationList;
			buildConfigurations = (
				EFFE956C2E32E2F4000FD845 /* Debug */,
				EFFE956D2E32E2F4000FD845 /* Release */,
			);
			defaultConfigurationIsVisible = 0;
			defaultConfigurationName = Release;
		};
/* End XCConfigurationList section */
	};
	rootObject = EFFE95582E32E2F2000FD845 /* Project object */;
}
